
Microsoft Visual Studio Solution File, Format Version 12.00
# Visual Studio Version 17
VisualStudioVersion = 17.0.32126.317
MinimumVisualStudioVersion = 10.0.40219.1
Project("{9A19103F-16F7-4668-BE54-9A1E7A4F7556}") = "UnicornMed.Api", "UnicornMed\UnicornMed.Api.csproj", "{8F326C95-BD3E-4CA9-BC76-3FF3F3D9F2E5}"
EndProject
Project("{9A19103F-16F7-4668-BE54-9A1E7A4F7556}") = "UnicornMed.Common", "UnicornMed.Common\UnicornMed.Common.csproj", "{BD0A5188-2A9A-44A9-87CD-F807D23B8D0D}"
EndProject
Project("{9A19103F-16F7-4668-BE54-9A1E7A4F7556}") = "UnicornMed.Bot", "UnicornMed.Bot\UnicornMed.Bot.csproj", "{92ADA903-509E-4713-84D1-7E94EF95B1ED}"
EndProject
Project("{9A19103F-16F7-4668-BE54-9A1E7A4F7556}") = "UnicornMed.ReminderFunction", "UnicornMed.ReminderFunction\UnicornMed.ReminderFunction.csproj", "{445E8197-BC87-4630-B933-4D4E48E7AECD}"
EndProject
Project("{FAE04EC0-301F-11D3-BF4B-00C04F79EFBC}") = "UnicornMed.BotLibrary", "UnicornMed.BotLibrary\UnicornMed.BotLibrary.csproj", "{3E1E4BBB-B416-4F94-9898-EB2F760C740C}"
EndProject
Global
	GlobalSection(SolutionConfigurationPlatforms) = preSolution
		Debug|Any CPU = Debug|Any CPU
		Release|Any CPU = Release|Any CPU
	EndGlobalSection
	GlobalSection(ProjectConfigurationPlatforms) = postSolution
		{8F326C95-BD3E-4CA9-BC76-3FF3F3D9F2E5}.Debug|Any CPU.ActiveCfg = Debug|Any CPU
		{8F326C95-BD3E-4CA9-BC76-3FF3F3D9F2E5}.Debug|Any CPU.Build.0 = Debug|Any CPU
		{8F326C95-BD3E-4CA9-BC76-3FF3F3D9F2E5}.Release|Any CPU.ActiveCfg = Release|Any CPU
		{8F326C95-BD3E-4CA9-BC76-3FF3F3D9F2E5}.Release|Any CPU.Build.0 = Release|Any CPU
		{BD0A5188-2A9A-44A9-87CD-F807D23B8D0D}.Debug|Any CPU.ActiveCfg = Debug|Any CPU
		{BD0A5188-2A9A-44A9-87CD-F807D23B8D0D}.Debug|Any CPU.Build.0 = Debug|Any CPU
		{BD0A5188-2A9A-44A9-87CD-F807D23B8D0D}.Release|Any CPU.ActiveCfg = Release|Any CPU
		{BD0A5188-2A9A-44A9-87CD-F807D23B8D0D}.Release|Any CPU.Build.0 = Release|Any CPU
		{92ADA903-509E-4713-84D1-7E94EF95B1ED}.Debug|Any CPU.ActiveCfg = Debug|Any CPU
		{92ADA903-509E-4713-84D1-7E94EF95B1ED}.Debug|Any CPU.Build.0 = Debug|Any CPU
		{92ADA903-509E-4713-84D1-7E94EF95B1ED}.Release|Any CPU.ActiveCfg = Release|Any CPU
		{92ADA903-509E-4713-84D1-7E94EF95B1ED}.Release|Any CPU.Build.0 = Release|Any CPU
		{445E8197-BC87-4630-B933-4D4E48E7AECD}.Debug|Any CPU.ActiveCfg = Debug|Any CPU
		{445E8197-BC87-4630-B933-4D4E48E7AECD}.Debug|Any CPU.Build.0 = Debug|Any CPU
		{445E8197-BC87-4630-B933-4D4E48E7AECD}.Release|Any CPU.ActiveCfg = Release|Any CPU
		{445E8197-BC87-4630-B933-4D4E48E7AECD}.Release|Any CPU.Build.0 = Release|Any CPU
		{3E1E4BBB-B416-4F94-9898-EB2F760C740C}.Debug|Any CPU.ActiveCfg = Debug|Any CPU
		{3E1E4BBB-B416-4F94-9898-EB2F760C740C}.Debug|Any CPU.Build.0 = Debug|Any CPU
		{3E1E4BBB-B416-4F94-9898-EB2F760C740C}.Release|Any CPU.ActiveCfg = Release|Any CPU
		{3E1E4BBB-B416-4F94-9898-EB2F760C740C}.Release|Any CPU.Build.0 = Release|Any CPU
	EndGlobalSection
	GlobalSection(SolutionProperties) = preSolution
		HideSolutionNode = FALSE
	EndGlobalSection
	GlobalSection(ExtensibilityGlobals) = postSolution
		SolutionGuid = {D4C94E52-559A-421C-A821-53DF4D3D0855}
	EndGlobalSection
EndGlobal
